<?xml version="1.0" encoding="utf-8"?>
<Project ToolsVersion="4.0" xmlns="http://schemas.microsoft.com/developer/msbuild/2003">
  <ItemGroup>
    <Filter Include="Source Files">
      <UniqueIdentifier>{4FC737F1-C7A5-4376-A066-2A32D752A2FF}</UniqueIdentifier>
      <Extensions>cpp;c;cc;cxx;def;odl;idl;hpj;bat;asm;asmx</Extensions>
    </Filter>
    <Filter Include="Header Files">
      <UniqueIdentifier>{93995380-89BD-4b04-88EB-625FBE52EBFB}</UniqueIdentifier>
      <Extensions>h;hh;hpp;hxx;hm;inl;inc;ipp;xsd</Extensions>
    </Filter>
    <Filter Include="Resource Files">
      <UniqueIdentifier>{67DA6AB6-F800-4c08-8B7A-83BB121AAD01}</UniqueIdentifier>
      <Extensions>rc;ico;cur;bmp;dlg;rc2;rct;bin;rgs;gif;jpg;jpeg;jpe;resx;tiff;tif;png;wav;mfcribbon-ms</Extensions>
    </Filter>
    <Filter Include="Header Files\Libs">
      <UniqueIdentifier>{e339604b-f36c-4ab1-812a-c545421ff17c}</UniqueIdentifier>
    </Filter>
    <Filter Include="Header Files\Util">
      <UniqueIdentifier>{aaa66b10-be1a-4cfe-b735-804875f48c24}</UniqueIdentifier>
    </Filter>
    <Filter Include="Header Files\Loaders">
      <UniqueIdentifier>{d48682f7-a2d5-4092-85ca-834f61c63104}</UniqueIdentifier>
    </Filter>
    <Filter Include="Source Files\Loaders">
      <UniqueIdentifier>{fb4c9798-1bb4-44e9-8ae6-2a47d5137da3}</UniqueIdentifier>
    </Filter>
    <Filter Include="Source Files\Util">
      <UniqueIdentifier>{dcd3cf7e-d858-4fc6-84e4-dc52e9982f5a}</UniqueIdentifier>
    </Filter>
    <Filter Include="Header Files\Utils">
      <UniqueIdentifier>{74211654-8688-482f-a8b9-bd10b91acb97}</UniqueIdentifier>
    </Filter>
    <Filter Include="Source Files\Utils">
      <UniqueIdentifier>{d8f69239-17f4-4704-80dc-7899c2c76f32}</UniqueIdentifier>
    </Filter>
    <Filter Include="Header Files\Services">
      <UniqueIdentifier>{870aa77c-f3b8-4853-9d27-3f6fb52f98f6}</UniqueIdentifier>
    </Filter>
    <Filter Include="Source Files\Services">
      <UniqueIdentifier>{7ec695a3-4e6b-40cd-a53f-98811c093082}</UniqueIdentifier>
    </Filter>
    <Filter Include="Source Files\Exceptions">
      <UniqueIdentifier>{f9a14b19-1052-4ae4-b80d-dd75f06710d7}</UniqueIdentifier>
    </Filter>
    <Filter Include="Header Files\Exceptions">
      <UniqueIdentifier>{a63aac81-ead5-4465-8755-9b976f3d669a}</UniqueIdentifier>
    </Filter>
    <Filter Include="Header Files\Validators">
      <UniqueIdentifier>{cd03dd77-b524-46ae-98f0-4fd25843c3dc}</UniqueIdentifier>
    </Filter>
    <Filter Include="Source Files\Validators">
      <UniqueIdentifier>{8787bbaf-1802-482e-afba-cfe123f59404}</UniqueIdentifier>
    </Filter>
  </ItemGroup>
  <ItemGroup>
    <ClInclude Include="libs.h">
      <Filter>Header Files\Libs</Filter>
    </ClInclude>
    <ClInclude Include="enums.h">
      <Filter>Header Files\Libs</Filter>
    </ClInclude>
    <ClInclude Include="json.hpp">
      <Filter>Header Files\Libs</Filter>
    </ClInclude>
    <ClInclude Include="component.h">
      <Filter>Header Files\Util</Filter>
    </ClInclude>
    <ClInclude Include="recipe.h">
      <Filter>Header Files\Util</Filter>
    </ClInclude>
    <ClInclude Include="recipe_loader.h">
      <Filter>Header Files\Loaders</Filter>
    </ClInclude>
    <ClInclude Include="recipes.h">
      <Filter>Header Files\Utils</Filter>
    </ClInclude>
    <ClInclude Include="user.h">
      <Filter>Header Files\Util</Filter>
    </ClInclude>
    <ClInclude Include="user_data_service.h">
      <Filter>Header Files\Services</Filter>
    </ClInclude>
    <ClInclude Include="user_service.h">
      <Filter>Header Files\Services</Filter>
    </ClInclude>
    <ClInclude Include="app_exception.h">
      <Filter>Header Files\Exceptions</Filter>
    </ClInclude>
    <ClInclude Include="user_validator.h">
      <Filter>Header Files\Validators</Filter>
    </ClInclude>
    <ClInclude Include="component_validator.h">
      <Filter>Header Files\Validators</Filter>
    </ClInclude>
    <ClInclude Include="recipe_validator.h">
      <Filter>Header Files\Validators</Filter>
    </ClInclude>
    <ClInclude Include="validator.h">
      <Filter>Header Files\Validators</Filter>
    </ClInclude>
  </ItemGroup>
  <ItemGroup>
    <ClCompile Include="recipe_loader.cpp">
      <Filter>Source Files\Loaders</Filter>
    </ClCompile>
    <ClCompile Include="component.cpp">
      <Filter>Source Files\Util</Filter>
    </ClCompile>
    <ClCompile Include="recipe.cpp">
      <Filter>Source Files\Util</Filter>
    </ClCompile>
    <ClCompile Include="recipes.cpp">
      <Filter>Source Files\Utils</Filter>
    </ClCompile>
    <ClCompile Include="user.cpp">
      <Filter>Source Files\Util</Filter>
    </ClCompile>
    <ClCompile Include="user_data_service.cpp">
      <Filter>Source Files\Services</Filter>
    </ClCompile>
    <ClCompile Include="user_service.cpp">
      <Filter>Source Files\Services</Filter>
    </ClCompile>
    <ClCompile Include="main.cpp">
      <Filter>Source Files</Filter>
    </ClCompile>
    <ClCompile Include="app_exception.cpp">
      <Filter>Source Files\Exceptions</Filter>
    </ClCompile>
    <ClCompile Include="user_validator.cpp">
      <Filter>Source Files\Validators</Filter>
    </ClCompile>
    <ClCompile Include="component_validator.cpp">
      <Filter>Source Files\Validators</Filter>
    </ClCompile>
    <ClCompile Include="recipe_validator.cpp">
      <Filter>Source Files\Validators</Filter>
    </ClCompile>
  </ItemGroup>
</Project>